
Microsoft Visual Studio Solution File, Format Version 12.00
# Visual Studio 2012
Project("{FAE04EC0-301F-11D3-BF4B-00C04F79EFBC}") = "MFE.Core", "MFE.Core\MFE.Core.csproj", "{8EE96EBA-F6D8-4433-A72E-AED3A5A0EFDA}"
EndProject
Project("{FAE04EC0-301F-11D3-BF4B-00C04F79EFBC}") = "MFE.Data", "MFE.Data\MFE.Data.csproj", "{7D33EA61-AAD1-4499-AD04-3540AF13B614}"
EndProject
Project("{FAE04EC0-301F-11D3-BF4B-00C04F79EFBC}") = "MFE.Net", "MFE.Net\MFE.Net.csproj", "{D87CB0D5-ED06-4E01-AA00-FFCDD0A3D708}"
EndProject
Project("{FAE04EC0-301F-11D3-BF4B-00C04F79EFBC}") = "MFE.Net.Managers", "MFE.Net.Managers\MFE.Net.Managers.csproj", "{A8ACC028-99A0-4E9F-84F7-33E9D08AF087}"
EndProject
Project("{FAE04EC0-301F-11D3-BF4B-00C04F79EFBC}") = "MFE.Net.Messaging", "MFE.Net.Messaging\MFE.Net.Messaging.csproj", "{632B23F9-A020-4C66-93A3-DE9AF4529CB9}"
EndProject
Project("{FAE04EC0-301F-11D3-BF4B-00C04F79EFBC}") = "MFE.Storage", "MFE.Storage\MFE.Storage.csproj", "{B3AF4DFB-585D-477A-981A-0F5E69EC7A89}"
EndProject
Project("{FAE04EC0-301F-11D3-BF4B-00C04F79EFBC}") = "MFE.USB", "MFE.USB\MFE.USB.csproj", "{F0DA6247-97C4-43DC-99B6-A763AF5225C2}"
EndProject
Project("{FAE04EC0-301F-11D3-BF4B-00C04F79EFBC}") = "GTM.LoveElectronics.PHTemp", "GTM.LoveElectronics.PHTemp\GTM.LoveElectronics.PHTemp.csproj", "{5F26F4FA-F8E2-4E8B-8A38-5095A1B8912F}"
EndProject
Project("{FAE04EC0-301F-11D3-BF4B-00C04F79EFBC}") = "MFE.Hardware", "MFE.Hardware\MFE.Hardware.csproj", "{958D1DE8-C499-47DF-B192-DE712379089B}"
EndProject
Project("{FAE04EC0-301F-11D3-BF4B-00C04F79EFBC}") = "GTM.MFE.Displays", "GTM.MFE.Displays\GTM.MFE.Displays.csproj", "{F7F328E7-6E2A-49BD-8BEF-771E024B04E8}"
EndProject
Project("{FAE04EC0-301F-11D3-BF4B-00C04F79EFBC}") = "MFE.Graphics", "MFE.Graphics\MFE.Graphics.csproj", "{15BC644C-B4B5-4801-9026-5CC496265C08}"
EndProject
Project("{FAE04EC0-301F-11D3-BF4B-00C04F79EFBC}") = "MFE.CustomEmulator", "MFE.CustomEmulator\MFE.CustomEmulator.csproj", "{D6BFFCC6-C464-4CE0-BC7B-CA831C5368FC}"
EndProject
Project("{FAE04EC0-301F-11D3-BF4B-00C04F79EFBC}") = "MFE.GraphicsDemo", "MFE.GraphicsDemo\MFE.GraphicsDemo.csproj", "{2DBCF960-5B0B-4859-A797-52DBF4977DCE}"
EndProject
Project("{FAE04EC0-301F-11D3-BF4B-00C04F79EFBC}") = "MFE.SmartNetwork", "MFE.SmartNetwork\MFE.SmartNetwork.csproj", "{77C6901A-F37E-4FD5-B99F-D89BE62ACFF9}"
EndProject
Project("{2150E333-8FDC-42A3-9474-1A3956D46DE8}") = "GTM", "GTM", "{916421AB-3D8B-4726-AAE0-A85ABA381B41}"
EndProject
Project("{2150E333-8FDC-42A3-9474-1A3956D46DE8}") = "DisplayS22", "DisplayS22", "{09611B2F-56A6-40EF-9202-E483F9DB9F25}"
EndProject
Project("{FAE04EC0-301F-11D3-BF4B-00C04F79EFBC}") = "DisplayS22_43", "DisplayS22\DisplayS22_43\DisplayS22_43.csproj", "{0F8B9090-F49A-4D22-85D4-8C66FFFB9019}"
EndProject
Project("{FAE04EC0-301F-11D3-BF4B-00C04F79EFBC}") = "DisplayS22_42", "DisplayS22\DisplayS22_42\DisplayS22_42.csproj", "{CEE343DA-F678-4EB7-8D0D-D6F0762A8A89}"
EndProject
Project("{FAE04EC0-301F-11D3-BF4B-00C04F79EFBC}") = "DisplayS22_41", "DisplayS22\DisplayS22_41\DisplayS22_41.csproj", "{5F494CB2-2660-4A1C-B25E-2CBA111944BA}"
EndProject
Project("{FAE04EC0-301F-11D3-BF4B-00C04F79EFBC}") = "DisplayS22", "DisplayS22\DisplayS22\DisplayS22.csproj", "{71CA48E4-6678-4BA0-BEC7-5B73073DF026}"
EndProject
Project("{2150E333-8FDC-42A3-9474-1A3956D46DE8}") = "NRF24", "NRF24", "{4FDF4FE3-8B48-464C-8C31-2C729B97510B}"
EndProject
Project("{FAE04EC0-301F-11D3-BF4B-00C04F79EFBC}") = "NRF24_41", "NRF24\NRF24_41\NRF24_41.csproj", "{213DB709-575C-4DD4-85E8-54D14C440554}"
EndProject
Project("{FAE04EC0-301F-11D3-BF4B-00C04F79EFBC}") = "NRF24_42", "NRF24\NRF24_42\NRF24_42.csproj", "{72D955AB-12CB-4EDA-BE8E-C2A99D10C737}"
EndProject
Project("{FAE04EC0-301F-11D3-BF4B-00C04F79EFBC}") = "NRF24_43", "NRF24\NRF24_43\NRF24_43.csproj", "{7B74271B-3B6C-4B5F-9ED4-AD2283EB2587}"
EndProject
Project("{FAE04EC0-301F-11D3-BF4B-00C04F79EFBC}") = "NRF24", "NRF24\NRF24\NRF24.csproj", "{EAFA6F12-F666-46C4-80B0-60F29980C42E}"
EndProject
Global
	GlobalSection(SolutionConfigurationPlatforms) = preSolution
		Debug|Any CPU = Debug|Any CPU
		Release|Any CPU = Release|Any CPU
	EndGlobalSection
	GlobalSection(ProjectConfigurationPlatforms) = postSolution
		{8EE96EBA-F6D8-4433-A72E-AED3A5A0EFDA}.Debug|Any CPU.ActiveCfg = Debug|Any CPU
		{8EE96EBA-F6D8-4433-A72E-AED3A5A0EFDA}.Debug|Any CPU.Build.0 = Debug|Any CPU
		{8EE96EBA-F6D8-4433-A72E-AED3A5A0EFDA}.Release|Any CPU.ActiveCfg = Release|Any CPU
		{8EE96EBA-F6D8-4433-A72E-AED3A5A0EFDA}.Release|Any CPU.Build.0 = Release|Any CPU
		{7D33EA61-AAD1-4499-AD04-3540AF13B614}.Debug|Any CPU.ActiveCfg = Debug|Any CPU
		{7D33EA61-AAD1-4499-AD04-3540AF13B614}.Debug|Any CPU.Build.0 = Debug|Any CPU
		{7D33EA61-AAD1-4499-AD04-3540AF13B614}.Release|Any CPU.ActiveCfg = Release|Any CPU
		{7D33EA61-AAD1-4499-AD04-3540AF13B614}.Release|Any CPU.Build.0 = Release|Any CPU
		{D87CB0D5-ED06-4E01-AA00-FFCDD0A3D708}.Debug|Any CPU.ActiveCfg = Debug|Any CPU
		{D87CB0D5-ED06-4E01-AA00-FFCDD0A3D708}.Debug|Any CPU.Build.0 = Debug|Any CPU
		{D87CB0D5-ED06-4E01-AA00-FFCDD0A3D708}.Release|Any CPU.ActiveCfg = Release|Any CPU
		{D87CB0D5-ED06-4E01-AA00-FFCDD0A3D708}.Release|Any CPU.Build.0 = Release|Any CPU
		{A8ACC028-99A0-4E9F-84F7-33E9D08AF087}.Debug|Any CPU.ActiveCfg = Debug|Any CPU
		{A8ACC028-99A0-4E9F-84F7-33E9D08AF087}.Debug|Any CPU.Build.0 = Debug|Any CPU
		{A8ACC028-99A0-4E9F-84F7-33E9D08AF087}.Release|Any CPU.ActiveCfg = Release|Any CPU
		{A8ACC028-99A0-4E9F-84F7-33E9D08AF087}.Release|Any CPU.Build.0 = Release|Any CPU
		{632B23F9-A020-4C66-93A3-DE9AF4529CB9}.Debug|Any CPU.ActiveCfg = Debug|Any CPU
		{632B23F9-A020-4C66-93A3-DE9AF4529CB9}.Debug|Any CPU.Build.0 = Debug|Any CPU
		{632B23F9-A020-4C66-93A3-DE9AF4529CB9}.Release|Any CPU.ActiveCfg = Release|Any CPU
		{632B23F9-A020-4C66-93A3-DE9AF4529CB9}.Release|Any CPU.Build.0 = Release|Any CPU
		{B3AF4DFB-585D-477A-981A-0F5E69EC7A89}.Debug|Any CPU.ActiveCfg = Debug|Any CPU
		{B3AF4DFB-585D-477A-981A-0F5E69EC7A89}.Debug|Any CPU.Build.0 = Debug|Any CPU
		{B3AF4DFB-585D-477A-981A-0F5E69EC7A89}.Release|Any CPU.ActiveCfg = Release|Any CPU
		{B3AF4DFB-585D-477A-981A-0F5E69EC7A89}.Release|Any CPU.Build.0 = Release|Any CPU
		{F0DA6247-97C4-43DC-99B6-A763AF5225C2}.Debug|Any CPU.ActiveCfg = Debug|Any CPU
		{F0DA6247-97C4-43DC-99B6-A763AF5225C2}.Debug|Any CPU.Build.0 = Debug|Any CPU
		{F0DA6247-97C4-43DC-99B6-A763AF5225C2}.Release|Any CPU.ActiveCfg = Release|Any CPU
		{F0DA6247-97C4-43DC-99B6-A763AF5225C2}.Release|Any CPU.Build.0 = Release|Any CPU
		{5F26F4FA-F8E2-4E8B-8A38-5095A1B8912F}.Debug|Any CPU.ActiveCfg = Debug|Any CPU
		{5F26F4FA-F8E2-4E8B-8A38-5095A1B8912F}.Debug|Any CPU.Build.0 = Debug|Any CPU
		{5F26F4FA-F8E2-4E8B-8A38-5095A1B8912F}.Release|Any CPU.ActiveCfg = Release|Any CPU
		{5F26F4FA-F8E2-4E8B-8A38-5095A1B8912F}.Release|Any CPU.Build.0 = Release|Any CPU
		{958D1DE8-C499-47DF-B192-DE712379089B}.Debug|Any CPU.ActiveCfg = Debug|Any CPU
		{958D1DE8-C499-47DF-B192-DE712379089B}.Debug|Any CPU.Build.0 = Debug|Any CPU
		{958D1DE8-C499-47DF-B192-DE712379089B}.Release|Any CPU.ActiveCfg = Release|Any CPU
		{958D1DE8-C499-47DF-B192-DE712379089B}.Release|Any CPU.Build.0 = Release|Any CPU
		{F7F328E7-6E2A-49BD-8BEF-771E024B04E8}.Debug|Any CPU.ActiveCfg = Debug|Any CPU
		{F7F328E7-6E2A-49BD-8BEF-771E024B04E8}.Debug|Any CPU.Build.0 = Debug|Any CPU
		{F7F328E7-6E2A-49BD-8BEF-771E024B04E8}.Release|Any CPU.ActiveCfg = Release|Any CPU
		{F7F328E7-6E2A-49BD-8BEF-771E024B04E8}.Release|Any CPU.Build.0 = Release|Any CPU
		{15BC644C-B4B5-4801-9026-5CC496265C08}.Debug|Any CPU.ActiveCfg = Debug|Any CPU
		{15BC644C-B4B5-4801-9026-5CC496265C08}.Debug|Any CPU.Build.0 = Debug|Any CPU
		{15BC644C-B4B5-4801-9026-5CC496265C08}.Release|Any CPU.ActiveCfg = Release|Any CPU
		{15BC644C-B4B5-4801-9026-5CC496265C08}.Release|Any CPU.Build.0 = Release|Any CPU
		{D6BFFCC6-C464-4CE0-BC7B-CA831C5368FC}.Debug|Any CPU.ActiveCfg = Debug|Any CPU
		{D6BFFCC6-C464-4CE0-BC7B-CA831C5368FC}.Debug|Any CPU.Build.0 = Debug|Any CPU
		{D6BFFCC6-C464-4CE0-BC7B-CA831C5368FC}.Release|Any CPU.ActiveCfg = Release|Any CPU
		{D6BFFCC6-C464-4CE0-BC7B-CA831C5368FC}.Release|Any CPU.Build.0 = Release|Any CPU
		{D6BFFCC6-C464-4CE0-BC7B-CA831C5368FC}.Release|Any CPU.Deploy.0 = Release|Any CPU
		{2DBCF960-5B0B-4859-A797-52DBF4977DCE}.Debug|Any CPU.ActiveCfg = Debug|Any CPU
		{2DBCF960-5B0B-4859-A797-52DBF4977DCE}.Debug|Any CPU.Build.0 = Debug|Any CPU
		{2DBCF960-5B0B-4859-A797-52DBF4977DCE}.Debug|Any CPU.Deploy.0 = Debug|Any CPU
		{2DBCF960-5B0B-4859-A797-52DBF4977DCE}.Release|Any CPU.ActiveCfg = Release|Any CPU
		{2DBCF960-5B0B-4859-A797-52DBF4977DCE}.Release|Any CPU.Build.0 = Release|Any CPU
		{2DBCF960-5B0B-4859-A797-52DBF4977DCE}.Release|Any CPU.Deploy.0 = Release|Any CPU
		{77C6901A-F37E-4FD5-B99F-D89BE62ACFF9}.Debug|Any CPU.ActiveCfg = Debug|Any CPU
		{77C6901A-F37E-4FD5-B99F-D89BE62ACFF9}.Debug|Any CPU.Build.0 = Debug|Any CPU
		{77C6901A-F37E-4FD5-B99F-D89BE62ACFF9}.Release|Any CPU.ActiveCfg = Release|Any CPU
		{77C6901A-F37E-4FD5-B99F-D89BE62ACFF9}.Release|Any CPU.Build.0 = Release|Any CPU
		{0F8B9090-F49A-4D22-85D4-8C66FFFB9019}.Debug|Any CPU.ActiveCfg = Debug|Any CPU
		{0F8B9090-F49A-4D22-85D4-8C66FFFB9019}.Debug|Any CPU.Build.0 = Debug|Any CPU
		{0F8B9090-F49A-4D22-85D4-8C66FFFB9019}.Release|Any CPU.ActiveCfg = Release|Any CPU
		{0F8B9090-F49A-4D22-85D4-8C66FFFB9019}.Release|Any CPU.Build.0 = Release|Any CPU
		{CEE343DA-F678-4EB7-8D0D-D6F0762A8A89}.Debug|Any CPU.ActiveCfg = Debug|Any CPU
		{CEE343DA-F678-4EB7-8D0D-D6F0762A8A89}.Debug|Any CPU.Build.0 = Debug|Any CPU
		{CEE343DA-F678-4EB7-8D0D-D6F0762A8A89}.Release|Any CPU.ActiveCfg = Release|Any CPU
		{CEE343DA-F678-4EB7-8D0D-D6F0762A8A89}.Release|Any CPU.Build.0 = Release|Any CPU
		{5F494CB2-2660-4A1C-B25E-2CBA111944BA}.Debug|Any CPU.ActiveCfg = Debug|Any CPU
		{5F494CB2-2660-4A1C-B25E-2CBA111944BA}.Debug|Any CPU.Build.0 = Debug|Any CPU
		{5F494CB2-2660-4A1C-B25E-2CBA111944BA}.Release|Any CPU.ActiveCfg = Release|Any CPU
		{5F494CB2-2660-4A1C-B25E-2CBA111944BA}.Release|Any CPU.Build.0 = Release|Any CPU
		{71CA48E4-6678-4BA0-BEC7-5B73073DF026}.Debug|Any CPU.ActiveCfg = Debug|Any CPU
		{71CA48E4-6678-4BA0-BEC7-5B73073DF026}.Debug|Any CPU.Build.0 = Debug|Any CPU
		{71CA48E4-6678-4BA0-BEC7-5B73073DF026}.Release|Any CPU.ActiveCfg = Release|Any CPU
		{71CA48E4-6678-4BA0-BEC7-5B73073DF026}.Release|Any CPU.Build.0 = Release|Any CPU
		{213DB709-575C-4DD4-85E8-54D14C440554}.Debug|Any CPU.ActiveCfg = Debug|Any CPU
		{213DB709-575C-4DD4-85E8-54D14C440554}.Debug|Any CPU.Build.0 = Debug|Any CPU
		{213DB709-575C-4DD4-85E8-54D14C440554}.Release|Any CPU.ActiveCfg = Release|Any CPU
		{213DB709-575C-4DD4-85E8-54D14C440554}.Release|Any CPU.Build.0 = Release|Any CPU
		{72D955AB-12CB-4EDA-BE8E-C2A99D10C737}.Debug|Any CPU.ActiveCfg = Debug|Any CPU
		{72D955AB-12CB-4EDA-BE8E-C2A99D10C737}.Debug|Any CPU.Build.0 = Debug|Any CPU
		{72D955AB-12CB-4EDA-BE8E-C2A99D10C737}.Release|Any CPU.ActiveCfg = Release|Any CPU
		{72D955AB-12CB-4EDA-BE8E-C2A99D10C737}.Release|Any CPU.Build.0 = Release|Any CPU
		{7B74271B-3B6C-4B5F-9ED4-AD2283EB2587}.Debug|Any CPU.ActiveCfg = Debug|Any CPU
		{7B74271B-3B6C-4B5F-9ED4-AD2283EB2587}.Debug|Any CPU.Build.0 = Debug|Any CPU
		{7B74271B-3B6C-4B5F-9ED4-AD2283EB2587}.Release|Any CPU.ActiveCfg = Release|Any CPU
		{7B74271B-3B6C-4B5F-9ED4-AD2283EB2587}.Release|Any CPU.Build.0 = Release|Any CPU
		{EAFA6F12-F666-46C4-80B0-60F29980C42E}.Debug|Any CPU.ActiveCfg = Debug|Any CPU
		{EAFA6F12-F666-46C4-80B0-60F29980C42E}.Debug|Any CPU.Build.0 = Debug|Any CPU
		{EAFA6F12-F666-46C4-80B0-60F29980C42E}.Release|Any CPU.ActiveCfg = Release|Any CPU
		{EAFA6F12-F666-46C4-80B0-60F29980C42E}.Release|Any CPU.Build.0 = Release|Any CPU
	EndGlobalSection
	GlobalSection(SolutionProperties) = preSolution
		HideSolutionNode = FALSE
	EndGlobalSection
	GlobalSection(NestedProjects) = preSolution
		{F7F328E7-6E2A-49BD-8BEF-771E024B04E8} = {916421AB-3D8B-4726-AAE0-A85ABA381B41}
		{5F26F4FA-F8E2-4E8B-8A38-5095A1B8912F} = {916421AB-3D8B-4726-AAE0-A85ABA381B41}
		{09611B2F-56A6-40EF-9202-E483F9DB9F25} = {916421AB-3D8B-4726-AAE0-A85ABA381B41}
		{4FDF4FE3-8B48-464C-8C31-2C729B97510B} = {916421AB-3D8B-4726-AAE0-A85ABA381B41}
		{0F8B9090-F49A-4D22-85D4-8C66FFFB9019} = {09611B2F-56A6-40EF-9202-E483F9DB9F25}
		{CEE343DA-F678-4EB7-8D0D-D6F0762A8A89} = {09611B2F-56A6-40EF-9202-E483F9DB9F25}
		{5F494CB2-2660-4A1C-B25E-2CBA111944BA} = {09611B2F-56A6-40EF-9202-E483F9DB9F25}
		{71CA48E4-6678-4BA0-BEC7-5B73073DF026} = {09611B2F-56A6-40EF-9202-E483F9DB9F25}
		{213DB709-575C-4DD4-85E8-54D14C440554} = {4FDF4FE3-8B48-464C-8C31-2C729B97510B}
		{72D955AB-12CB-4EDA-BE8E-C2A99D10C737} = {4FDF4FE3-8B48-464C-8C31-2C729B97510B}
		{7B74271B-3B6C-4B5F-9ED4-AD2283EB2587} = {4FDF4FE3-8B48-464C-8C31-2C729B97510B}
		{EAFA6F12-F666-46C4-80B0-60F29980C42E} = {4FDF4FE3-8B48-464C-8C31-2C729B97510B}
	EndGlobalSection
EndGlobal
